
Microsoft Visual Studio Solution File, Format Version 12.00
# Visual Studio 14
VisualStudioVersion = 14.0.25123.0
MinimumVisualStudioVersion = 10.0.40219.1
Project("{8BC9CEB8-8B4A-11D0-8D11-00A0C91BC942}") = "1-HelloAIE", "1-HelloAIE\1-HelloAIE.vcxproj", "{F1715D6B-5947-4B00-9053-4AA6678B3F23}"
EndProject
Project("{8BC9CEB8-8B4A-11D0-8D11-00A0C91BC942}") = "2-Variables", "2-Variables\2-Variables.vcxproj", "{BED67DDC-B984-40AC-8208-FB3A452F51AE}"
EndProject
Project("{8BC9CEB8-8B4A-11D0-8D11-00A0C91BC942}") = "3-Conditionals", "3-Conditionals\3-Conditionals.vcxproj", "{07CBA074-FE59-4CAD-BD60-5E667B5EC32E}"
EndProject
Project("{8BC9CEB8-8B4A-11D0-8D11-00A0C91BC942}") = "4-Functions", "4-Functions\4-Functions.vcxproj", "{961E5217-9CB3-45A8-A333-E76AB493E35D}"
EndProject
Project("{8BC9CEB8-8B4A-11D0-8D11-00A0C91BC942}") = "5-Multi-FileProjects", "5-Multi-FileProjects\5-Multi-FileProjects.vcxproj", "{CA25E68F-43C7-49A7-9DCC-1710F4033BB8}"
EndProject
Project("{8BC9CEB8-8B4A-11D0-8D11-00A0C91BC942}") = "6-Loops", "6-Loops\6-Loops.vcxproj", "{E8285C26-3C89-42B5-B965-A060D964F6EE}"
EndProject
Project("{8BC9CEB8-8B4A-11D0-8D11-00A0C91BC942}") = "7-Arrays", "7-Arrays\7-Arrays.vcxproj", "{FD2DF759-9DF9-46E9-9F8A-533DCBC7C314}"
EndProject
Project("{8BC9CEB8-8B4A-11D0-8D11-00A0C91BC942}") = "8-Structss", "8-Structss\8-Structss.vcxproj", "{C2FC944C-01F1-4BF3-8B0F-24D1C27F2EDA}"
EndProject
Project("{8BC9CEB8-8B4A-11D0-8D11-00A0C91BC942}") = "Distorted", "Distorted\Distorted.vcxproj", "{5DFAC187-58A5-4E10-B3EE-EDF701824239}"
EndProject
Project("{8BC9CEB8-8B4A-11D0-8D11-00A0C91BC942}") = "10-cStrings", "10-cStrings\10-cStrings.vcxproj", "{B516AF53-6384-4898-84D8-1D730A3C6C78}"
EndProject
Global
	GlobalSection(SolutionConfigurationPlatforms) = preSolution
		Debug|Any CPU = Debug|Any CPU
		Debug|x64 = Debug|x64
		Debug|x86 = Debug|x86
		Release|Any CPU = Release|Any CPU
		Release|x64 = Release|x64
		Release|x86 = Release|x86
	EndGlobalSection
	GlobalSection(ProjectConfigurationPlatforms) = postSolution
		{F1715D6B-5947-4B00-9053-4AA6678B3F23}.Debug|Any CPU.ActiveCfg = Debug|Win32
		{F1715D6B-5947-4B00-9053-4AA6678B3F23}.Debug|x64.ActiveCfg = Debug|x64
		{F1715D6B-5947-4B00-9053-4AA6678B3F23}.Debug|x64.Build.0 = Debug|x64
		{F1715D6B-5947-4B00-9053-4AA6678B3F23}.Debug|x86.ActiveCfg = Debug|Win32
		{F1715D6B-5947-4B00-9053-4AA6678B3F23}.Debug|x86.Build.0 = Debug|Win32
		{F1715D6B-5947-4B00-9053-4AA6678B3F23}.Release|Any CPU.ActiveCfg = Release|Win32
		{F1715D6B-5947-4B00-9053-4AA6678B3F23}.Release|x64.ActiveCfg = Release|x64
		{F1715D6B-5947-4B00-9053-4AA6678B3F23}.Release|x64.Build.0 = Release|x64
		{F1715D6B-5947-4B00-9053-4AA6678B3F23}.Release|x86.ActiveCfg = Release|Win32
		{F1715D6B-5947-4B00-9053-4AA6678B3F23}.Release|x86.Build.0 = Release|Win32
		{BED67DDC-B984-40AC-8208-FB3A452F51AE}.Debug|Any CPU.ActiveCfg = Debug|Win32
		{BED67DDC-B984-40AC-8208-FB3A452F51AE}.Debug|x64.ActiveCfg = Debug|x64
		{BED67DDC-B984-40AC-8208-FB3A452F51AE}.Debug|x64.Build.0 = Debug|x64
		{BED67DDC-B984-40AC-8208-FB3A452F51AE}.Debug|x86.ActiveCfg = Debug|Win32
		{BED67DDC-B984-40AC-8208-FB3A452F51AE}.Debug|x86.Build.0 = Debug|Win32
		{BED67DDC-B984-40AC-8208-FB3A452F51AE}.Release|Any CPU.ActiveCfg = Release|Win32
		{BED67DDC-B984-40AC-8208-FB3A452F51AE}.Release|x64.ActiveCfg = Release|x64
		{BED67DDC-B984-40AC-8208-FB3A452F51AE}.Release|x64.Build.0 = Release|x64
		{BED67DDC-B984-40AC-8208-FB3A452F51AE}.Release|x86.ActiveCfg = Release|Win32
		{BED67DDC-B984-40AC-8208-FB3A452F51AE}.Release|x86.Build.0 = Release|Win32
		{07CBA074-FE59-4CAD-BD60-5E667B5EC32E}.Debug|Any CPU.ActiveCfg = Debug|Win32
		{07CBA074-FE59-4CAD-BD60-5E667B5EC32E}.Debug|x64.ActiveCfg = Debug|x64
		{07CBA074-FE59-4CAD-BD60-5E667B5EC32E}.Debug|x64.Build.0 = Debug|x64
		{07CBA074-FE59-4CAD-BD60-5E667B5EC32E}.Debug|x86.ActiveCfg = Debug|Win32
		{07CBA074-FE59-4CAD-BD60-5E667B5EC32E}.Debug|x86.Build.0 = Debug|Win32
		{07CBA074-FE59-4CAD-BD60-5E667B5EC32E}.Release|Any CPU.ActiveCfg = Release|Win32
		{07CBA074-FE59-4CAD-BD60-5E667B5EC32E}.Release|x64.ActiveCfg = Release|x64
		{07CBA074-FE59-4CAD-BD60-5E667B5EC32E}.Release|x64.Build.0 = Release|x64
		{07CBA074-FE59-4CAD-BD60-5E667B5EC32E}.Release|x86.ActiveCfg = Release|Win32
		{07CBA074-FE59-4CAD-BD60-5E667B5EC32E}.Release|x86.Build.0 = Release|Win32
		{961E5217-9CB3-45A8-A333-E76AB493E35D}.Debug|Any CPU.ActiveCfg = Debug|Win32
		{961E5217-9CB3-45A8-A333-E76AB493E35D}.Debug|x64.ActiveCfg = Debug|x64
		{961E5217-9CB3-45A8-A333-E76AB493E35D}.Debug|x64.Build.0 = Debug|x64
		{961E5217-9CB3-45A8-A333-E76AB493E35D}.Debug|x86.ActiveCfg = Debug|Win32
		{961E5217-9CB3-45A8-A333-E76AB493E35D}.Debug|x86.Build.0 = Debug|Win32
		{961E5217-9CB3-45A8-A333-E76AB493E35D}.Release|Any CPU.ActiveCfg = Release|Win32
		{961E5217-9CB3-45A8-A333-E76AB493E35D}.Release|x64.ActiveCfg = Release|x64
		{961E5217-9CB3-45A8-A333-E76AB493E35D}.Release|x64.Build.0 = Release|x64
		{961E5217-9CB3-45A8-A333-E76AB493E35D}.Release|x86.ActiveCfg = Release|Win32
		{961E5217-9CB3-45A8-A333-E76AB493E35D}.Release|x86.Build.0 = Release|Win32
		{CA25E68F-43C7-49A7-9DCC-1710F4033BB8}.Debug|Any CPU.ActiveCfg = Debug|Win32
		{CA25E68F-43C7-49A7-9DCC-1710F4033BB8}.Debug|x64.ActiveCfg = Debug|x64
		{CA25E68F-43C7-49A7-9DCC-1710F4033BB8}.Debug|x64.Build.0 = Debug|x64
		{CA25E68F-43C7-49A7-9DCC-1710F4033BB8}.Debug|x86.ActiveCfg = Debug|Win32
		{CA25E68F-43C7-49A7-9DCC-1710F4033BB8}.Debug|x86.Build.0 = Debug|Win32
		{CA25E68F-43C7-49A7-9DCC-1710F4033BB8}.Release|Any CPU.ActiveCfg = Release|Win32
		{CA25E68F-43C7-49A7-9DCC-1710F4033BB8}.Release|x64.ActiveCfg = Release|x64
		{CA25E68F-43C7-49A7-9DCC-1710F4033BB8}.Release|x64.Build.0 = Release|x64
		{CA25E68F-43C7-49A7-9DCC-1710F4033BB8}.Release|x86.ActiveCfg = Release|Win32
		{CA25E68F-43C7-49A7-9DCC-1710F4033BB8}.Release|x86.Build.0 = Release|Win32
		{E8285C26-3C89-42B5-B965-A060D964F6EE}.Debug|Any CPU.ActiveCfg = Debug|Win32
		{E8285C26-3C89-42B5-B965-A060D964F6EE}.Debug|x64.ActiveCfg = Debug|x64
		{E8285C26-3C89-42B5-B965-A060D964F6EE}.Debug|x64.Build.0 = Debug|x64
		{E8285C26-3C89-42B5-B965-A060D964F6EE}.Debug|x86.ActiveCfg = Debug|Win32
		{E8285C26-3C89-42B5-B965-A060D964F6EE}.Debug|x86.Build.0 = Debug|Win32
		{E8285C26-3C89-42B5-B965-A060D964F6EE}.Release|Any CPU.ActiveCfg = Release|Win32
		{E8285C26-3C89-42B5-B965-A060D964F6EE}.Release|x64.ActiveCfg = Release|x64
		{E8285C26-3C89-42B5-B965-A060D964F6EE}.Release|x64.Build.0 = Release|x64
		{E8285C26-3C89-42B5-B965-A060D964F6EE}.Release|x86.ActiveCfg = Release|Win32
		{E8285C26-3C89-42B5-B965-A060D964F6EE}.Release|x86.Build.0 = Release|Win32
		{FD2DF759-9DF9-46E9-9F8A-533DCBC7C314}.Debug|Any CPU.ActiveCfg = Debug|Win32
		{FD2DF759-9DF9-46E9-9F8A-533DCBC7C314}.Debug|x64.ActiveCfg = Debug|x64
		{FD2DF759-9DF9-46E9-9F8A-533DCBC7C314}.Debug|x64.Build.0 = Debug|x64
		{FD2DF759-9DF9-46E9-9F8A-533DCBC7C314}.Debug|x86.ActiveCfg = Debug|Win32
		{FD2DF759-9DF9-46E9-9F8A-533DCBC7C314}.Debug|x86.Build.0 = Debug|Win32
		{FD2DF759-9DF9-46E9-9F8A-533DCBC7C314}.Release|Any CPU.ActiveCfg = Release|Win32
		{FD2DF759-9DF9-46E9-9F8A-533DCBC7C314}.Release|x64.ActiveCfg = Release|x64
		{FD2DF759-9DF9-46E9-9F8A-533DCBC7C314}.Release|x64.Build.0 = Release|x64
		{FD2DF759-9DF9-46E9-9F8A-533DCBC7C314}.Release|x86.ActiveCfg = Release|Win32
		{FD2DF759-9DF9-46E9-9F8A-533DCBC7C314}.Release|x86.Build.0 = Release|Win32
		{C2FC944C-01F1-4BF3-8B0F-24D1C27F2EDA}.Debug|Any CPU.ActiveCfg = Debug|Win32
		{C2FC944C-01F1-4BF3-8B0F-24D1C27F2EDA}.Debug|x64.ActiveCfg = Debug|x64
		{C2FC944C-01F1-4BF3-8B0F-24D1C27F2EDA}.Debug|x64.Build.0 = Debug|x64
		{C2FC944C-01F1-4BF3-8B0F-24D1C27F2EDA}.Debug|x86.ActiveCfg = Debug|Win32
		{C2FC944C-01F1-4BF3-8B0F-24D1C27F2EDA}.Debug|x86.Build.0 = Debug|Win32
		{C2FC944C-01F1-4BF3-8B0F-24D1C27F2EDA}.Release|Any CPU.ActiveCfg = Release|Win32
		{C2FC944C-01F1-4BF3-8B0F-24D1C27F2EDA}.Release|x64.ActiveCfg = Release|x64
		{C2FC944C-01F1-4BF3-8B0F-24D1C27F2EDA}.Release|x64.Build.0 = Release|x64
		{C2FC944C-01F1-4BF3-8B0F-24D1C27F2EDA}.Release|x86.ActiveCfg = Release|Win32
		{C2FC944C-01F1-4BF3-8B0F-24D1C27F2EDA}.Release|x86.Build.0 = Release|Win32
		{5DFAC187-58A5-4E10-B3EE-EDF701824239}.Debug|Any CPU.ActiveCfg = Debug|Win32
		{5DFAC187-58A5-4E10-B3EE-EDF701824239}.Debug|x64.ActiveCfg = Debug|x64
		{5DFAC187-58A5-4E10-B3EE-EDF701824239}.Debug|x64.Build.0 = Debug|x64
		{5DFAC187-58A5-4E10-B3EE-EDF701824239}.Debug|x86.ActiveCfg = Debug|Win32
		{5DFAC187-58A5-4E10-B3EE-EDF701824239}.Debug|x86.Build.0 = Debug|Win32
		{5DFAC187-58A5-4E10-B3EE-EDF701824239}.Release|Any CPU.ActiveCfg = Release|Win32
		{5DFAC187-58A5-4E10-B3EE-EDF701824239}.Release|x64.ActiveCfg = Release|x64
		{5DFAC187-58A5-4E10-B3EE-EDF701824239}.Release|x64.Build.0 = Release|x64
		{5DFAC187-58A5-4E10-B3EE-EDF701824239}.Release|x86.ActiveCfg = Release|Win32
		{5DFAC187-58A5-4E10-B3EE-EDF701824239}.Release|x86.Build.0 = Release|Win32
		{B516AF53-6384-4898-84D8-1D730A3C6C78}.Debug|Any CPU.ActiveCfg = Debug|Win32
		{B516AF53-6384-4898-84D8-1D730A3C6C78}.Debug|x64.ActiveCfg = Debug|x64
		{B516AF53-6384-4898-84D8-1D730A3C6C78}.Debug|x64.Build.0 = Debug|x64
		{B516AF53-6384-4898-84D8-1D730A3C6C78}.Debug|x86.ActiveCfg = Debug|Win32
		{B516AF53-6384-4898-84D8-1D730A3C6C78}.Debug|x86.Build.0 = Debug|Win32
		{B516AF53-6384-4898-84D8-1D730A3C6C78}.Release|Any CPU.ActiveCfg = Release|Win32
		{B516AF53-6384-4898-84D8-1D730A3C6C78}.Release|x64.ActiveCfg = Release|x64
		{B516AF53-6384-4898-84D8-1D730A3C6C78}.Release|x64.Build.0 = Release|x64
		{B516AF53-6384-4898-84D8-1D730A3C6C78}.Release|x86.ActiveCfg = Release|Win32
		{B516AF53-6384-4898-84D8-1D730A3C6C78}.Release|x86.Build.0 = Release|Win32
	EndGlobalSection
	GlobalSection(SolutionProperties) = preSolution
		HideSolutionNode = FALSE
	EndGlobalSection
EndGlobal
